// !$*UTF8*$!
{
	archiveVersion = 1;
	classes = {
	};
	objectVersion = 46;
	objects = {

/* Begin PBXBuildFile section */
		582FECB91D4753C2000B9E9A /* AppDelegate.swift in Sources */ = {isa = PBXBuildFile; fileRef = 582FECB81D4753C2000B9E9A /* AppDelegate.swift */; };
		582FECBB1D4753C2000B9E9A /* ViewController.swift in Sources */ = {isa = PBXBuildFile; fileRef = 582FECBA1D4753C2000B9E9A /* ViewController.swift */; };
		582FECBE1D4753C2000B9E9A /* Main.storyboard in Resources */ = {isa = PBXBuildFile; fileRef = 582FECBC1D4753C2000B9E9A /* Main.storyboard */; };
		582FECC11D4753C2000B9E9A /* GRResizableView.xcdatamodeld in Sources */ = {isa = PBXBuildFile; fileRef = 582FECBF1D4753C2000B9E9A /* GRResizableView.xcdatamodeld */; };
		582FECC31D4753C2000B9E9A /* Assets.xcassets in Resources */ = {isa = PBXBuildFile; fileRef = 582FECC21D4753C2000B9E9A /* Assets.xcassets */; };
		582FECC61D4753C2000B9E9A /* LaunchScreen.storyboard in Resources */ = {isa = PBXBuildFile; fileRef = 582FECC41D4753C2000B9E9A /* LaunchScreen.storyboard */; };
		582FECD11D4753C2000B9E9A /* GRResizableViewTests.swift in Sources */ = {isa = PBXBuildFile; fileRef = 582FECD01D4753C2000B9E9A /* GRResizableViewTests.swift */; };
		582FECDC1D4753C2000B9E9A /* GRResizableViewUITests.swift in Sources */ = {isa = PBXBuildFile; fileRef = 582FECDB1D4753C2000B9E9A /* GRResizableViewUITests.swift */; };
		582FECEB1D475408000B9E9A /* GRResizableView.swift in Sources */ = {isa = PBXBuildFile; fileRef = 582FECEA1D475408000B9E9A /* GRResizableView.swift */; };
/* End PBXBuildFile section */

/* Begin PBXContainerItemProxy section */
		582FECCD1D4753C2000B9E9A /* PBXContainerItemProxy */ = {
			isa = PBXContainerItemProxy;
			containerPortal = 582FECAD1D4753C2000B9E9A /* Project object */;
			proxyType = 1;
			remoteGlobalIDString = 582FECB41D4753C2000B9E9A;
			remoteInfo = GRResizableView;
		};
		582FECD81D4753C2000B9E9A /* PBXContainerItemProxy */ = {
			isa = PBXContainerItemProxy;
			containerPortal = 582FECAD1D4753C2000B9E9A /* Project object */;
			proxyType = 1;
			remoteGlobalIDString = 582FECB41D4753C2000B9E9A;
			remoteInfo = GRResizableView;
		};
/* End PBXContainerItemProxy section */

/* Begin PBXFileReference section */
		582FECB51D4753C2000B9E9A /* GRResizableView.app */ = {isa = PBXFileReference; explicitFileType = wrapper.application; includeInIndex = 0; path = GRResizableView.app; sourceTree = BUILT_PRODUCTS_DIR; };
		582FECB81D4753C2000B9E9A /* AppDelegate.swift */ = {isa = PBXFileReference; lastKnownFileType = sourcecode.swift; path = AppDelegate.swift; sourceTree = "<group>"; };
		582FECBA1D4753C2000B9E9A /* ViewController.swift */ = {isa = PBXFileReference; lastKnownFileType = sourcecode.swift; path = ViewController.swift; sourceTree = "<group>"; };
		582FECBD1D4753C2000B9E9A /* Base */ = {isa = PBXFileReference; lastKnownFileType = file.storyboard; name = Base; path = Base.lproj/Main.storyboard; sourceTree = "<group>"; };
		582FECC01D4753C2000B9E9A /* GRResizableView.xcdatamodel */ = {isa = PBXFileReference; lastKnownFileType = wrapper.xcdatamodel; path = GRResizableView.xcdatamodel; sourceTree = "<group>"; };
		582FECC21D4753C2000B9E9A /* Assets.xcassets */ = {isa = PBXFileReference; lastKnownFileType = folder.assetcatalog; path = Assets.xcassets; sourceTree = "<group>"; };
		582FECC51D4753C2000B9E9A /* Base */ = {isa = PBXFileReference; lastKnownFileType = file.storyboard; name = Base; path = Base.lproj/LaunchScreen.storyboard; sourceTree = "<group>"; };
		582FECC71D4753C2000B9E9A /* Info.plist */ = {isa = PBXFileReference; lastKnownFileType = text.plist.xml; path = Info.plist; sourceTree = "<group>"; };
		582FECCC1D4753C2000B9E9A /* GRResizableViewTests.xctest */ = {isa = PBXFileReference; explicitFileType = wrapper.cfbundle; includeInIndex = 0; path = GRResizableViewTests.xctest; sourceTree = BUILT_PRODUCTS_DIR; };
		582FECD01D4753C2000B9E9A /* GRResizableViewTests.swift */ = {isa = PBXFileReference; lastKnownFileType = sourcecode.swift; path = GRResizableViewTests.swift; sourceTree = "<group>"; };
		582FECD21D4753C2000B9E9A /* Info.plist */ = {isa = PBXFileReference; lastKnownFileType = text.plist.xml; path = Info.plist; sourceTree = "<group>"; };
		582FECD71D4753C2000B9E9A /* GRResizableViewUITests.xctest */ = {isa = PBXFileReference; explicitFileType = wrapper.cfbundle; includeInIndex = 0; path = GRResizableViewUITests.xctest; sourceTree = BUILT_PRODUCTS_DIR; };
		582FECDB1D4753C2000B9E9A /* GRResizableViewUITests.swift */ = {isa = PBXFileReference; lastKnownFileType = sourcecode.swift; path = GRResizableViewUITests.swift; sourceTree = "<group>"; };
		582FECDD1D4753C2000B9E9A /* Info.plist */ = {isa = PBXFileReference; lastKnownFileType = text.plist.xml; path = Info.plist; sourceTree = "<group>"; };
		582FECEA1D475408000B9E9A /* GRResizableView.swift */ = {isa = PBXFileReference; fileEncoding = 4; lastKnownFileType = sourcecode.swift; path = GRResizableView.swift; sourceTree = "<group>"; };
/* End PBXFileReference section */

/* Begin PBXFrameworksBuildPhase section */
		582FECB21D4753C2000B9E9A /* Frameworks */ = {
			isa = PBXFrameworksBuildPhase;
			buildActionMask = 2147483647;
			files = (
			);
			runOnlyForDeploymentPostprocessing = 0;
		};
		582FECC91D4753C2000B9E9A /* Frameworks */ = {
			isa = PBXFrameworksBuildPhase;
			buildActionMask = 2147483647;
			files = (
			);
			runOnlyForDeploymentPostprocessing = 0;
		};
		582FECD41D4753C2000B9E9A /* Frameworks */ = {
			isa = PBXFrameworksBuildPhase;
			buildActionMask = 2147483647;
			files = (
			);
			runOnlyForDeploymentPostprocessing = 0;
		};
/* End PBXFrameworksBuildPhase section */

/* Begin PBXGroup section */
		582FECAC1D4753C2000B9E9A = {
			isa = PBXGroup;
			children = (
				582FECB71D4753C2000B9E9A /* GRResizableView */,
				582FECCF1D4753C2000B9E9A /* GRResizableViewTests */,
				582FECDA1D4753C2000B9E9A /* GRResizableViewUITests */,
				582FECB61D4753C2000B9E9A /* Products */,
			);
			sourceTree = "<group>";
		};
		582FECB61D4753C2000B9E9A /* Products */ = {
			isa = PBXGroup;
			children = (
				582FECB51D4753C2000B9E9A /* GRResizableView.app */,
				582FECCC1D4753C2000B9E9A /* GRResizableViewTests.xctest */,
				582FECD71D4753C2000B9E9A /* GRResizableViewUITests.xctest */,
			);
			name = Products;
			sourceTree = "<group>";
		};
		582FECB71D4753C2000B9E9A /* GRResizableView */ = {
			isa = PBXGroup;
			children = (
				582FECE91D4753F3000B9E9A /* GRResizableView */,
				582FECB81D4753C2000B9E9A /* AppDelegate.swift */,
				582FECBA1D4753C2000B9E9A /* ViewController.swift */,
				582FECBC1D4753C2000B9E9A /* Main.storyboard */,
				582FECC21D4753C2000B9E9A /* Assets.xcassets */,
				582FECC41D4753C2000B9E9A /* LaunchScreen.storyboard */,
				582FECC71D4753C2000B9E9A /* Info.plist */,
				582FECBF1D4753C2000B9E9A /* GRResizableView.xcdatamodeld */,
			);
			path = GRResizableView;
			sourceTree = "<group>";
		};
		582FECCF1D4753C2000B9E9A /* GRResizableViewTests */ = {
			isa = PBXGroup;
			children = (
				582FECD01D4753C2000B9E9A /* GRResizableViewTests.swift */,
				582FECD21D4753C2000B9E9A /* Info.plist */,
			);
			path = GRResizableViewTests;
			sourceTree = "<group>";
		};
		582FECDA1D4753C2000B9E9A /* GRResizableViewUITests */ = {
			isa = PBXGroup;
			children = (
				582FECDB1D4753C2000B9E9A /* GRResizableViewUITests.swift */,
				582FECDD1D4753C2000B9E9A /* Info.plist */,
			);
			path = GRResizableViewUITests;
			sourceTree = "<group>";
		};
		582FECE91D4753F3000B9E9A /* GRResizableView */ = {
			isa = PBXGroup;
			children = (
				582FECEA1D475408000B9E9A /* GRResizableView.swift */,
			);
			path = GRResizableView;
			sourceTree = "<group>";
		};
/* End PBXGroup section */

/* Begin PBXNativeTarget section */
		582FECB41D4753C2000B9E9A /* GRResizableView */ = {
			isa = PBXNativeTarget;
			buildConfigurationList = 582FECE01D4753C3000B9E9A /* Build configuration list for PBXNativeTarget "GRResizableView" */;
			buildPhases = (
				582FECB11D4753C2000B9E9A /* Sources */,
				582FECB21D4753C2000B9E9A /* Frameworks */,
				582FECB31D4753C2000B9E9A /* Resources */,
			);
			buildRules = (
			);
			dependencies = (
			);
			name = GRResizableView;
			productName = GRResizableView;
			productReference = 582FECB51D4753C2000B9E9A /* GRResizableView.app */;
			productType = "com.apple.product-type.application";
		};
		582FECCB1D4753C2000B9E9A /* GRResizableViewTests */ = {
			isa = PBXNativeTarget;
			buildConfigurationList = 582FECE31D4753C3000B9E9A /* Build configuration list for PBXNativeTarget "GRResizableViewTests" */;
			buildPhases = (
				582FECC81D4753C2000B9E9A /* Sources */,
				582FECC91D4753C2000B9E9A /* Frameworks */,
				582FECCA1D4753C2000B9E9A /* Resources */,
			);
			buildRules = (
			);
			dependencies = (
				582FECCE1D4753C2000B9E9A /* PBXTargetDependency */,
			);
			name = GRResizableViewTests;
			productName = GRResizableViewTests;
			productReference = 582FECCC1D4753C2000B9E9A /* GRResizableViewTests.xctest */;
			productType = "com.apple.product-type.bundle.unit-test";
		};
		582FECD61D4753C2000B9E9A /* GRResizableViewUITests */ = {
			isa = PBXNativeTarget;
			buildConfigurationList = 582FECE61D4753C3000B9E9A /* Build configuration list for PBXNativeTarget "GRResizableViewUITests" */;
			buildPhases = (
				582FECD31D4753C2000B9E9A /* Sources */,
				582FECD41D4753C2000B9E9A /* Frameworks */,
				582FECD51D4753C2000B9E9A /* Resources */,
			);
			buildRules = (
			);
			dependencies = (
				582FECD91D4753C2000B9E9A /* PBXTargetDependency */,
			);
			name = GRResizableViewUITests;
			productName = GRResizableViewUITests;
			productReference = 582FECD71D4753C2000B9E9A /* GRResizableViewUITests.xctest */;
			productType = "com.apple.product-type.bundle.ui-testing";
		};
/* End PBXNativeTarget section */

/* Begin PBXProject section */
		582FECAD1D4753C2000B9E9A /* Project object */ = {
			isa = PBXProject;
			attributes = {
				LastSwiftUpdateCheck = 0730;
				LastUpgradeCheck = 0730;
				ORGANIZATIONNAME = EthanJin;
				TargetAttributes = {
					582FECB41D4753C2000B9E9A = {
						CreatedOnToolsVersion = 7.3.1;
					};
					582FECCB1D4753C2000B9E9A = {
						CreatedOnToolsVersion = 7.3.1;
						TestTargetID = 582FECB41D4753C2000B9E9A;
					};
					582FECD61D4753C2000B9E9A = {
						CreatedOnToolsVersion = 7.3.1;
						TestTargetID = 582FECB41D4753C2000B9E9A;
					};
				};
			};
			buildConfigurationList = 582FECB01D4753C2000B9E9A /* Build configuration list for PBXProject "GRResizableView" */;
			compatibilityVersion = "Xcode 3.2";
			developmentRegion = English;
			hasScannedForEncodings = 0;
			knownRegions = (
				en,
				Base,
			);
			mainGroup = 582FECAC1D4753C2000B9E9A;
			productRefGroup = 582FECB61D4753C2000B9E9A /* Products */;
			projectDirPath = "";
			projectRoot = "";
			targets = (
				582FECB41D4753C2000B9E9A /* GRResizableView */,
				582FECCB1D4753C2000B9E9A /* GRResizableViewTests */,
				582FECD61D4753C2000B9E9A /* GRResizableViewUITests */,
			);
		};
/* End PBXProject section */

/* Begin PBXResourcesBuildPhase section */
		582FECB31D4753C2000B9E9A /* Resources */ = {
			isa = PBXResourcesBuildPhase;
			buildActionMask = 2147483647;
			files = (
				582FECC61D4753C2000B9E9A /* LaunchScreen.storyboard in Resources */,
				582FECC31D4753C2000B9E9A /* Assets.xcassets in Resources */,
				582FECBE1D4753C2000B9E9A /* Main.storyboard in Resources */,
			);
			runOnlyForDeploymentPostprocessing = 0;
		};
		582FECCA1D4753C2000B9E9A /* Resources */ = {
			isa = PBXResourcesBuildPhase;
			buildActionMask = 2147483647;
			files = (
			);
			runOnlyForDeploymentPostprocessing = 0;
		};
		582FECD51D4753C2000B9E9A /* Resources */ = {
			isa = PBXResourcesBuildPhase;
			buildActionMask = 2147483647;
			files = (
			);
			runOnlyForDeploymentPostprocessing = 0;
		};
/* End PBXResourcesBuildPhase section */

/* Begin PBXSourcesBuildPhase section */
		582FECB11D4753C2000B9E9A /* Sources */ = {
			isa = PBXSourcesBuildPhase;
			buildActionMask = 2147483647;
			files = (
				582FECBB1D4753C2000B9E9A /* ViewController.swift in Sources */,
				582FECEB1D475408000B9E9A /* GRResizableView.swift in Sources */,
				582FECC11D4753C2000B9E9A /* GRResizableView.xcdatamodeld in Sources */,
				582FECB91D4753C2000B9E9A /* AppDelegate.swift in Sources */,
			);
			runOnlyForDeploymentPostprocessing = 0;
		};
		582FECC81D4753C2000B9E9A /* Sources */ = {
			isa = PBXSourcesBuildPhase;
			buildActionMask = 2147483647;
			files = (
				582FECD11D4753C2000B9E9A /* GRResizableViewTests.swift in Sources */,
			);
			runOnlyForDeploymentPostprocessing = 0;
		};
		582FECD31D4753C2000B9E9A /* Sources */ = {
			isa = PBXSourcesBuildPhase;
			buildActionMask = 2147483647;
			files = (
				582FECDC1D4753C2000B9E9A /* GRResizableViewUITests.swift in Sources */,
			);
			runOnlyForDeploymentPostprocessing = 0;
		};
/* End PBXSourcesBuildPhase section */

/* Begin PBXTargetDependency section */
		582FECCE1D4753C2000B9E9A /* PBXTargetDependency */ = {
			isa = PBXTargetDependency;
			target = 582FECB41D4753C2000B9E9A /* GRResizableView */;
			targetProxy = 582FECCD1D4753C2000B9E9A /* PBXContainerItemProxy */;
		};
		582FECD91D4753C2000B9E9A /* PBXTargetDependency */ = {
			isa = PBXTargetDependency;
			target = 582FECB41D4753C2000B9E9A /* GRResizableView */;
			targetProxy = 582FECD81D4753C2000B9E9A /* PBXContainerItemProxy */;
		};
/* End PBXTargetDependency section */

/* Begin PBXVariantGroup section */
		582FECBC1D4753C2000B9E9A /* Main.storyboard */ = {
			isa = PBXVariantGroup;
			children = (
				582FECBD1D4753C2000B9E9A /* Base */,
			);
			name = Main.storyboard;
			sourceTree = "<group>";
		};
		582FECC41D4753C2000B9E9A /* LaunchScreen.storyboard */ = {
			isa = PBXVariantGroup;
			children = (
				582FECC51D4753C2000B9E9A /* Base */,
			);
			name = LaunchScreen.storyboard;
			sourceTree = "<group>";
		};
/* End PBXVariantGroup section */

/* Begin XCBuildConfiguration section */
		582FECDE1D4753C3000B9E9A /* Debug */ = {
			isa = XCBuildConfiguration;
			buildSettings = {
				ALWAYS_SEARCH_USER_PATHS = NO;
				CLANG_ANALYZER_NONNULL = YES;
				CLANG_CXX_LANGUAGE_STANDARD = "gnu++0x";
				CLANG_CXX_LIBRARY = "libc++";
				CLANG_ENABLE_MODULES = YES;
				CLANG_ENABLE_OBJC_ARC = YES;
				CLANG_WARN_BOOL_CONVERSION = YES;
				CLANG_WARN_CONSTANT_CONVERSION = YES;
				CLANG_WARN_DIRECT_OBJC_ISA_USAGE = YES_ERROR;
				CLANG_WARN_EMPTY_BODY = YES;
				CLANG_WARN_ENUM_CONVERSION = YES;
				CLANG_WARN_INT_CONVERSION = YES;
				CLANG_WARN_OBJC_ROOT_CLASS = YES_ERROR;
				CLANG_WARN_UNREACHABLE_CODE = YES;
				CLANG_WARN__DUPLICATE_METHOD_MATCH = YES;
				"CODE_SIGN_IDENTITY[sdk=iphoneos*]" = "iPhone Developer";
				COPY_PHASE_STRIP = NO;
				DEBUG_INFORMATION_FORMAT = dwarf;
				ENABLE_STRICT_OBJC_MSGSEND = YES;
				ENABLE_TESTABILITY = YES;
				GCC_C_LANGUAGE_STANDARD = gnu99;
				GCC_DYNAMIC_NO_PIC = NO;
				GCC_NO_COMMON_BLOCKS = YES;
				GCC_OPTIMIZATION_LEVEL = 0;
				GCC_PREPROCESSOR_DEFINITIONS = (
					"DEBUG=1",
					"$(inherited)",
				);
				GCC_WARN_64_TO_32_BIT_CONVERSION = YES;
				GCC_WARN_ABOUT_RETURN_TYPE = YES_ERROR;
				GCC_WARN_UNDECLARED_SELECTOR = YES;
				GCC_WARN_UNINITIALIZED_AUTOS = YES_AGGRESSIVE;
				GCC_WARN_UNUSED_FUNCTION = YES;
				GCC_WARN_UNUSED_VARIABLE = YES;
				IPHONEOS_DEPLOYMENT_TARGET = 9.3;
				MTL_ENABLE_DEBUG_INFO = YES;
				ONLY_ACTIVE_ARCH = YES;
				SDKROOT = iphoneos;
				SWIFT_OPTIMIZATION_LEVEL = "-Onone";
				TARGETED_DEVICE_FAMILY = "1,2";
			};
			name = Debug;
		};
		582FECDF1D4753C3000B9E9A /* Release */ = {
			isa = XCBuildConfiguration;
			buildSettings = {
				ALWAYS_SEARCH_USER_PATHS = NO;
				CLANG_ANALYZER_NONNULL = YES;
				CLANG_CXX_LANGUAGE_STANDARD = "gnu++0x";
				CLANG_CXX_LIBRARY = "libc++";
				CLANG_ENABLE_MODULES = YES;
				CLANG_ENABLE_OBJC_ARC = YES;
				CLANG_WARN_BOOL_CONVERSION = YES;
				CLANG_WARN_CONSTANT_CONVERSION = YES;
				CLANG_WARN_DIRECT_OBJC_ISA_USAGE = YES_ERROR;
				CLANG_WARN_EMPTY_BODY = YES;
				CLANG_WARN_ENUM_CONVERSION = YES;
				CLANG_WARN_INT_CONVERSION = YES;
				CLANG_WARN_OBJC_ROOT_CLASS = YES_ERROR;
				CLANG_WARN_UNREACHABLE_CODE = YES;
				CLANG_WARN__DUPLICATE_METHOD_MATCH = YES;
				"CODE_SIGN_IDENTITY[sdk=iphoneos*]" = "iPhone Developer";
				COPY_PHASE_STRIP = NO;
				DEBUG_INFORMATION_FORMAT = "dwarf-with-dsym";
				ENABLE_NS_ASSERTIONS = NO;
				ENABLE_STRICT_OBJC_MSGSEND = YES;
				GCC_C_LANGUAGE_STANDARD = gnu99;
				GCC_NO_COMMON_BLOCKS = YES;
				GCC_WARN_64_TO_32_BIT_CONVERSION = YES;
				GCC_WARN_ABOUT_RETURN_TYPE = YES_ERROR;
				GCC_WARN_UNDECLARED_SELECTOR = YES;
				GCC_WARN_UNINITIALIZED_AUTOS = YES_AGGRESSIVE;
				GCC_WARN_UNUSED_FUNCTION = YES;
				GCC_WARN_UNUSED_VARIABLE = YES;
				IPHONEOS_DEPLOYMENT_TARGET = 9.3;
				MTL_ENABLE_DEBUG_INFO = NO;
				SDKROOT = iphoneos;
				TARGETED_DEVICE_FAMILY = "1,2";
				VALIDATE_PRODUCT = YES;
			};
			name = Release;
		};
		582FECE11D4753C3000B9E9A /* Debug */ = {
			isa = XCBuildConfiguration;
			buildSettings = {
				ASSETCATALOG_COMPILER_APPICON_NAME = AppIcon;
				INFOPLIST_FILE = GRResizableView/Info.plist;
				LD_RUNPATH_SEARCH_PATHS = "$(inherited) @executable_path/Frameworks";
				PRODUCT_BUNDLE_IDENTIFIER = com.ethanjin.GRResizableView;
				PRODUCT_NAME = "$(TARGET_NAME)";
			};
			name = Debug;
		};
		582FECE21D4753C3000B9E9A /* Release */ = {
			isa = XCBuildConfiguration;
			buildSettings = {
				ASSETCATALOG_COMPILER_APPICON_NAME = AppIcon;
				INFOPLIST_FILE = GRResizableView/Info.plist;
				LD_RUNPATH_SEARCH_PATHS = "$(inherited) @executable_path/Frameworks";
				PRODUCT_BUNDLE_IDENTIFIER = com.ethanjin.GRResizableView;
				PRODUCT_NAME = "$(TARGET_NAME)";
			};
			name = Release;
		};
		582FECE41D4753C3000B9E9A /* Debug */ = {
			isa = XCBuildConfiguration;
			buildSettings = {
				BUNDLE_LOADER = "$(TEST_HOST)";
				INFOPLIST_FILE = GRResizableViewTests/Info.plist;
				LD_RUNPATH_SEARCH_PATHS = "$(inherited) @executable_path/Frameworks @loader_path/Frameworks";
				PRODUCT_BUNDLE_IDENTIFIER = com.ethanjin.GRResizableViewTests;
				PRODUCT_NAME = "$(TARGET_NAME)";
				TEST_HOST = "$(BUILT_PRODUCTS_DIR)/GRResizableView.app/GRResizableView";
			};
			name = Debug;
		};
		582FECE51D4753C3000B9E9A /* Release */ = {
			isa = XCBuildConfiguration;
			buildSettings = {
				BUNDLE_LOADER = "$(TEST_HOST)";
				INFOPLIST_FILE = GRResizableViewTests/Info.plist;
				LD_RUNPATH_SEARCH_PATHS = "$(inherited) @executable_path/Frameworks @loader_path/Frameworks";
				PRODUCT_BUNDLE_IDENTIFIER = com.ethanjin.GRResizableViewTests;
				PRODUCT_NAME = "$(TARGET_NAME)";
				TEST_HOST = "$(BUILT_PRODUCTS_DIR)/GRResizableView.app/GRResizableView";
			};
			name = Release;
		};
		582FECE71D4753C3000B9E9A /* Debug */ = {
			isa = XCBuildConfiguration;
			buildSettings = {
				INFOPLIST_FILE = GRResizableViewUITests/Info.plist;
				LD_RUNPATH_SEARCH_PATHS = "$(inherited) @executable_path/Frameworks @loader_path/Frameworks";
				PRODUCT_BUNDLE_IDENTIFIER = com.ethanjin.GRResizableViewUITests;
				PRODUCT_NAME = "$(TARGET_NAME)";
				TEST_TARGET_NAME = GRResizableView;
			};
			name = Debug;
		};
		582FECE81D4753C3000B9E9A /* Release */ = {
			isa = XCBuildConfiguration;
			buildSettings = {
				INFOPLIST_FILE = GRResizableViewUITests/Info.plist;
				LD_RUNPATH_SEARCH_PATHS = "$(inherited) @executable_path/Frameworks @loader_path/Frameworks";
				PRODUCT_BUNDLE_IDENTIFIER = com.ethanjin.GRResizableViewUITests;
				PRODUCT_NAME = "$(TARGET_NAME)";
				TEST_TARGET_NAME = GRResizableView;
			};
			name = Release;
		};
/* End XCBuildConfiguration section */

/* Begin XCConfigurationList section */
		582FECB01D4753C2000B9E9A /* Build configuration list for PBXProject "GRResizableView" */ = {
			isa = XCConfigurationList;
			buildConfigurations = (
				582FECDE1D4753C3000B9E9A /* Debug */,
				582FECDF1D4753C3000B9E9A /* Release */,
			);
			defaultConfigurationIsVisible = 0;
			defaultConfigurationName = Release;
		};
		582FECE01D4753C3000B9E9A /* Build configuration list for PBXNativeTarget "GRResizableView" */ = {
			isa = XCConfigurationList;
			buildConfigurations = (
				582FECE11D4753C3000B9E9A /* Debug */,
				582FECE21D4753C3000B9E9A /* Release */,
			);
			defaultConfigurationIsVisible = 0;
		};
		582FECE31D4753C3000B9E9A /* Build configuration list for PBXNativeTarget "GRResizableViewTests" */ = {
			isa = XCConfigurationList;
			buildConfigurations = (
				582FECE41D4753C3000B9E9A /* Debug */,
				582FECE51D4753C3000B9E9A /* Release */,
			);
			defaultConfigurationIsVisible = 0;
		};
		582FECE61D4753C3000B9E9A /* Build configuration list for PBXNativeTarget "GRResizableViewUITests" */ = {
			isa = XCConfigurationList;
			buildConfigurations = (
				582FECE71D4753C3000B9E9A /* Debug */,
				582FECE81D4753C3000B9E9A /* Release */,
			);
			defaultConfigurationIsVisible = 0;
		};
/* End XCConfigurationList section */

/* Begin XCVersionGroup section */
		582FECBF1D4753C2000B9E9A /* GRResizableView.xcdatamodeld */ = {
			isa = XCVersionGroup;
			children = (
				582FECC01D4753C2000B9E9A /* GRResizableView.xcdatamodel */,
			);
			currentVersion = 582FECC01D4753C2000B9E9A /* GRResizableView.xcdatamodel */;
			path = GRResizableView.xcdatamodeld;
			sourceTree = "<group>";
			versionGroupType = wrapper.xcdatamodel;
		};
/* End XCVersionGroup section */
	};
	rootObject = 582FECAD1D4753C2000B9E9A /* Project object */;
}
